{
  "version": 1,
  "dependencies": {
    "net10.0": {
      "AWSSDK.SQS": {
        "type": "Direct",
        "requested": "[4.0.2.14, )",
        "resolved": "4.0.2.14",
        "contentHash": "8/fqTVBkIYZOJkxIte0cqLUQoyEh6EUqU+UIzFG7dby4+WP9x6dIpea8ZQP+VSrnhC+WQ0j3HwnpWd2R+w+W/g==",
        "dependencies": {
          "AWSSDK.Core": "[4.0.3.12, 5.0.0)"
        }
      },
      "Dapper": {
        "type": "Direct",
        "requested": "[2.1.66, )",
        "resolved": "2.1.66",
        "contentHash": "/q77jUgDOS+bzkmk3Vy9SiWMaetTw+NOoPAV0xPBsGVAyljd5S6P+4RUW7R3ZUGGr9lDRyPKgAMj2UAOwvqZYw=="
      },
      "Dapper.AOT": {
        "type": "Direct",
        "requested": "[1.0.48, )",
        "resolved": "1.0.48",
        "contentHash": "rsLM3yKr4g+YKKox9lhc8D+kz67P7Q9+xdyn1LmCsoYr1kYpJSm+Nt6slo5UrfUrcTiGJ57zUlyO8XUdV7G7iA=="
      },
      "Microsoft.Data.SqlClient": {
        "type": "Direct",
        "requested": "[7.0.0-preview3.25342.7, )",
        "resolved": "7.0.0-preview3.25342.7",
        "contentHash": "/4yUz6qHpd/CSurpFCoxeo6y3dUgSRwHoGB7A+VHRT4knPCpSFGtru9lbukSR0DW2wdJKvCoBA3IxcIxWjcH4w==",
        "dependencies": {
          "Azure.Core": "1.49.0",
          "Azure.Identity": "1.16.0",
          "Microsoft.Bcl.Cryptography": "9.0.9",
          "Microsoft.Data.SqlClient.SNI.runtime": "6.0.2",
          "Microsoft.Extensions.Caching.Memory": "9.0.9",
          "Microsoft.IdentityModel.JsonWebTokens": "8.14.0",
          "Microsoft.IdentityModel.Protocols.OpenIdConnect": "8.14.0",
          "Microsoft.SqlServer.Server": "1.0.0",
          "System.Configuration.ConfigurationManager": "9.0.9",
          "System.Security.Cryptography.Pkcs": "9.0.9"
        }
      },
      "Microsoft.DotNet.ILCompiler": {
        "type": "Direct",
        "requested": "[10.0.3, )",
        "resolved": "10.0.3",
        "contentHash": "H9kuN7egYzW5JAn5CMK8uJdJDVnPEDpZHzjOXyz1iAgvxNgVSoAiTNkCBeY2jaXcHlruF5fRUrZoUHUHXftDDA=="
      },
      "Microsoft.Extensions.Configuration.Binder": {
        "type": "Direct",
        "requested": "[11.0.0-preview.1.26104.118, )",
        "resolved": "11.0.0-preview.1.26104.118",
        "contentHash": "dzf4gBQgOWeSKym8XNBjtwt7x94wmJekAgN0UV0bgZTRwjCEIecKRqnSRX1JdPAyQE4cvhx+Q96Fu+ZeOlcvfQ==",
        "dependencies": {
          "Microsoft.Extensions.Configuration": "11.0.0-preview.1.26104.118",
          "Microsoft.Extensions.Configuration.Abstractions": "11.0.0-preview.1.26104.118"
        }
      },
      "Microsoft.Extensions.Hosting": {
        "type": "Direct",
        "requested": "[11.0.0-preview.1.26104.118, )",
        "resolved": "11.0.0-preview.1.26104.118",
        "contentHash": "mFc0vYQgNzbPx2uC901jRZW4TFQGA5a+1JrJOMw/3lmu534UCaQ6zDhWGlUpzYrCGZlVlOhCtRZGaQUpQrzvBw==",
        "dependencies": {
          "Microsoft.Extensions.Configuration": "11.0.0-preview.1.26104.118",
          "Microsoft.Extensions.Configuration.Abstractions": "11.0.0-preview.1.26104.118",
          "Microsoft.Extensions.Configuration.Binder": "11.0.0-preview.1.26104.118",
          "Microsoft.Extensions.Configuration.CommandLine": "11.0.0-preview.1.26104.118",
          "Microsoft.Extensions.Configuration.EnvironmentVariables": "11.0.0-preview.1.26104.118",
          "Microsoft.Extensions.Configuration.FileExtensions": "11.0.0-preview.1.26104.118",
          "Microsoft.Extensions.Configuration.Json": "11.0.0-preview.1.26104.118",
          "Microsoft.Extensions.Configuration.UserSecrets": "11.0.0-preview.1.26104.118",
          "Microsoft.Extensions.DependencyInjection": "11.0.0-preview.1.26104.118",
          "Microsoft.Extensions.DependencyInjection.Abstractions": "11.0.0-preview.1.26104.118",
          "Microsoft.Extensions.Diagnostics": "11.0.0-preview.1.26104.118",
          "Microsoft.Extensions.FileProviders.Abstractions": "11.0.0-preview.1.26104.118",
          "Microsoft.Extensions.FileProviders.Physical": "11.0.0-preview.1.26104.118",
          "Microsoft.Extensions.Hosting.Abstractions": "11.0.0-preview.1.26104.118",
          "Microsoft.Extensions.Logging": "11.0.0-preview.1.26104.118",
          "Microsoft.Extensions.Logging.Abstractions": "11.0.0-preview.1.26104.118",
          "Microsoft.Extensions.Logging.Configuration": "11.0.0-preview.1.26104.118",
          "Microsoft.Extensions.Logging.Console": "11.0.0-preview.1.26104.118",
          "Microsoft.Extensions.Logging.Debug": "11.0.0-preview.1.26104.118",
          "Microsoft.Extensions.Logging.EventLog": "11.0.0-preview.1.26104.118",
          "Microsoft.Extensions.Logging.EventSource": "11.0.0-preview.1.26104.118",
          "Microsoft.Extensions.Options": "11.0.0-preview.1.26104.118"
        }
      },
      "Microsoft.Extensions.Http.Resilience": {
        "type": "Direct",
        "requested": "[10.3.0, )",
        "resolved": "10.3.0",
        "contentHash": "P4+s/eUH3dZdn1HnivSL2dh6/Jb0ndLt2l88oQPZ9BYdyb4tSRAsnz4QkJHGfPA9lS/XblI5QYsxEdfkurPvIg==",
        "dependencies": {
          "Microsoft.Extensions.Http.Diagnostics": "10.3.0",
          "Microsoft.Extensions.ObjectPool": "10.0.3",
          "Microsoft.Extensions.Resilience": "10.3.0"
        }
      },
      "Microsoft.NET.ILLink.Tasks": {
        "type": "Direct",
        "requested": "[10.0.3, )",
        "resolved": "10.0.3",
        "contentHash": "0B6nZyCHWXnvmlB559oduOspVdNOnpNXPjhpWVMovLPAsDVG7A4jJR9rzECf67JUzxP8/ee/wA8clwIzJcWNFA=="
      },
      "AWSSDK.Core": {
        "type": "Transitive",
        "resolved": "4.0.3.12",
        "contentHash": "/FyE96xV2qJLgJN++ZW8M7udRf2NBLoku9AkEHLQqpH9uv0r0QQK2sw2pF3OvzKnuKsyp+Mx5wYwgFXPLnBb9g=="
      },
      "Azure.Core": {
        "type": "Transitive",
        "resolved": "1.49.0",
        "contentHash": "wmY5VEEVTBJN+8KVB6qSVZYDCMpHs1UXooOijx/NH7OsMtK92NlxhPBpPyh4cR+07R/zyDGvA5+Fss4TpwlO+g==",
        "dependencies": {
          "Microsoft.Bcl.AsyncInterfaces": "8.0.0",
          "System.ClientModel": "1.7.0",
          "System.Memory.Data": "8.0.1"
        }
      },
      "Azure.Identity": {
        "type": "Transitive",
        "resolved": "1.16.0",
        "contentHash": "ZTtJt9N1hW9S7JRt05aBy894mp9uK4KbfcVcg2OndKbph/6RCcDEisdBV9iNHiNDSXXQRR52SAYy8RhknQ1xEA==",
        "dependencies": {
          "Azure.Core": "1.47.3",
          "Microsoft.Identity.Client": "4.76.0",
          "Microsoft.Identity.Client.Extensions.Msal": "4.76.0"
        }
      },
      "Microsoft.Bcl.AsyncInterfaces": {
        "type": "Transitive",
        "resolved": "8.0.0",
        "contentHash": "3WA9q9yVqJp222P3x1wYIGDAkpjAku0TMUaaQV22g6L67AI0LdOIrVS7Ht2vJfLHGSPVuqN94vIr15qn+HEkHw=="
      },
      "Microsoft.Bcl.Cryptography": {
        "type": "Transitive",
        "resolved": "9.0.9",
        "contentHash": "zrNEcA9kZ+Oqe+ZALnnpS8NuUQDHMlsg8ni5C9Do36g+bgHWzvHqlJ5SOai7bySdiGjOOg3xtfWJO9NJBgAhsg=="
      },
      "Microsoft.Data.SqlClient.SNI.runtime": {
        "type": "Transitive",
        "resolved": "6.0.2",
        "contentHash": "f+pRODTWX7Y67jXO3T5S2dIPZ9qMJNySjlZT/TKmWVNWe19N8jcWmHaqHnnchaq3gxEKv1SWVY5EFzOD06l41w=="
      },
      "Microsoft.Extensions.AmbientMetadata.Application": {
        "type": "Transitive",
        "resolved": "10.3.0",
        "contentHash": "Oh/FQJrTZqiqZuFktqDCwLFgxIUnNATZx46AwUTf5A/+FmK/TzPf/iwSqMK85QlioLD9ehOxWe0NBfsCSkp5pw==",
        "dependencies": {
          "Microsoft.Extensions.Configuration": "10.0.3",
          "Microsoft.Extensions.Hosting.Abstractions": "10.0.3",
          "Microsoft.Extensions.Options.ConfigurationExtensions": "10.0.3"
        }
      },
      "Microsoft.Extensions.Caching.Abstractions": {
        "type": "Transitive",
        "resolved": "9.0.9",
        "contentHash": "NgtRHOdPrAEacfjXLSrH/SRrSqGf6Vaa6d16mW2yoyJdg7AJr0BnBvxkv7PkCm/CHVyzojTK7Y+oUDEulqY1Qw==",
        "dependencies": {
          "Microsoft.Extensions.Primitives": "9.0.9"
        }
      },
      "Microsoft.Extensions.Caching.Memory": {
        "type": "Transitive",
        "resolved": "9.0.9",
        "contentHash": "ln31BtsDsBQxykJgxuCtiUXWRET9FmqeEq0BpPIghkYtGpDDVs8ZcLHAjCCzbw6aGoLek4Z7JaDjSO/CjOD0iw==",
        "dependencies": {
          "Microsoft.Extensions.Caching.Abstractions": "9.0.9",
          "Microsoft.Extensions.DependencyInjection.Abstractions": "9.0.9",
          "Microsoft.Extensions.Logging.Abstractions": "9.0.9",
          "Microsoft.Extensions.Options": "9.0.9",
          "Microsoft.Extensions.Primitives": "9.0.9"
        }
      },
      "Microsoft.Extensions.Compliance.Abstractions": {
        "type": "Transitive",
        "resolved": "10.3.0",
        "contentHash": "b3gmxtyX0n8bQFuZ679f8QiOWqjeZKFc6XXPUsYNFzMcWi0Q44Ej3pB41N/QQ0maX380kmOMF36bLSBHNThXAg==",
        "dependencies": {
          "Microsoft.Extensions.DependencyInjection.Abstractions": "10.0.3",
          "Microsoft.Extensions.ObjectPool": "10.0.3"
        }
      },
      "Microsoft.Extensions.Configuration": {
        "type": "Transitive",
        "resolved": "11.0.0-preview.1.26104.118",
        "contentHash": "vZqeojbbZKBgyTF7Q2m3hJZvU6n0aywKjKlSX1O1ffdGQJUr/FpFrJi5Z4S7Gc4zs0Yi41OVg5+Bm02PmtaChw==",
        "dependencies": {
          "Microsoft.Extensions.Configuration.Abstractions": "11.0.0-preview.1.26104.118",
          "Microsoft.Extensions.Primitives": "11.0.0-preview.1.26104.118"
        }
      },
      "Microsoft.Extensions.Configuration.Abstractions": {
        "type": "Transitive",
        "resolved": "11.0.0-preview.1.26104.118",
        "contentHash": "cuDMnFncS7RwVOr9WA51o9lovFmALtYVupHdA0JJGZpmkTEc5c480JJ780JHnBD8jMzq57ZDpEaP2Wlk8WYShA==",
        "dependencies": {
          "Microsoft.Extensions.Primitives": "11.0.0-preview.1.26104.118"
        }
      },
      "Microsoft.Extensions.Configuration.CommandLine": {
        "type": "Transitive",
        "resolved": "11.0.0-preview.1.26104.118",
        "contentHash": "ck5rDtNDav6jPbxvRofDekkCZ0jazYcjTe8HwjT/Oda/YpjF5nIoVA+T3Vw2rWWE4xa3OwIFd1fRhSZ+QHqeNw==",
        "dependencies": {
          "Microsoft.Extensions.Configuration": "11.0.0-preview.1.26104.118",
          "Microsoft.Extensions.Configuration.Abstractions": "11.0.0-preview.1.26104.118"
        }
      },
      "Microsoft.Extensions.Configuration.EnvironmentVariables": {
        "type": "Transitive",
        "resolved": "11.0.0-preview.1.26104.118",
        "contentHash": "3kue8hIzWzr9Oo7PLhnGNwka4RfBlHT3BV0aAtuJAfFTYz5kKFfTmE1B2HiNlC+YSI9XPrOjO2zD0j15Bd+Wyw==",
        "dependencies": {
          "Microsoft.Extensions.Configuration": "11.0.0-preview.1.26104.118",
          "Microsoft.Extensions.Configuration.Abstractions": "11.0.0-preview.1.26104.118"
        }
      },
      "Microsoft.Extensions.Configuration.FileExtensions": {
        "type": "Transitive",
        "resolved": "11.0.0-preview.1.26104.118",
        "contentHash": "Rm1PkwxEwu1qzsfHO3cCB6qShGKdwEoT2nI92BkMzqr+aoNPpXGymzED/MLLSsc8cFs50AkYOdipJHt9aoBL4Q==",
        "dependencies": {
          "Microsoft.Extensions.Configuration": "11.0.0-preview.1.26104.118",
          "Microsoft.Extensions.Configuration.Abstractions": "11.0.0-preview.1.26104.118",
          "Microsoft.Extensions.FileProviders.Abstractions": "11.0.0-preview.1.26104.118",
          "Microsoft.Extensions.FileProviders.Physical": "11.0.0-preview.1.26104.118",
          "Microsoft.Extensions.Primitives": "11.0.0-preview.1.26104.118"
        }
      },
      "Microsoft.Extensions.Configuration.Json": {
        "type": "Transitive",
        "resolved": "11.0.0-preview.1.26104.118",
        "contentHash": "uRCVY/JSxSssGmzoiHsPHneSvpVjjOV1K0ySIsJRP370IM6hkNMzuMEmEw5JyU15YyQMdzsCXtpazfi2HeVjkw==",
        "dependencies": {
          "Microsoft.Extensions.Configuration": "11.0.0-preview.1.26104.118",
          "Microsoft.Extensions.Configuration.Abstractions": "11.0.0-preview.1.26104.118",
          "Microsoft.Extensions.Configuration.FileExtensions": "11.0.0-preview.1.26104.118",
          "Microsoft.Extensions.FileProviders.Abstractions": "11.0.0-preview.1.26104.118",
          "System.Text.Json": "11.0.0-preview.1.26104.118"
        }
      },
      "Microsoft.Extensions.Configuration.UserSecrets": {
        "type": "Transitive",
        "resolved": "11.0.0-preview.1.26104.118",
        "contentHash": "bM+H4oeTDeEZuecTDb160WIDrGa6YGSFevz0ELhP+CLhJXk9Cf+6SMquvvMnvDDHHwUYEKxd7TmlY4idX4A0Mg==",
        "dependencies": {
          "Microsoft.Extensions.Configuration.Abstractions": "11.0.0-preview.1.26104.118",
          "Microsoft.Extensions.Configuration.Json": "11.0.0-preview.1.26104.118",
          "Microsoft.Extensions.FileProviders.Abstractions": "11.0.0-preview.1.26104.118",
          "Microsoft.Extensions.FileProviders.Physical": "11.0.0-preview.1.26104.118"
        }
      },
      "Microsoft.Extensions.DependencyInjection": {
        "type": "Transitive",
        "resolved": "11.0.0-preview.1.26104.118",
        "contentHash": "yyUUFF+CcHWCaeSleE8fCB3xxkxH4Civ+mm5xJORwiOvkDSJOGxpPr3vvGEK/FiwyRcIUbswSjRLyT8kWXC20g==",
        "dependencies": {
          "Microsoft.Extensions.DependencyInjection.Abstractions": "11.0.0-preview.1.26104.118"
        }
      },
      "Microsoft.Extensions.DependencyInjection.Abstractions": {
        "type": "Transitive",
        "resolved": "11.0.0-preview.1.26104.118",
        "contentHash": "m42ZmEtgb8HrHCeOybwRC/0fXa14VA1EX7XXWzn5DWQ5ukP+ZwxyVYC9Z6UCoEm2jEYWPmz7sZmfCF8nRaocAw=="
      },
      "Microsoft.Extensions.DependencyInjection.AutoActivation": {
        "type": "Transitive",
        "resolved": "10.3.0",
        "contentHash": "g6/S5rhP1XNBqeDa9zKXri/uDKe6gjzSqGsocuySb1OdVm8fz/M9YcWTJsCw5RHF8xIb/B3NgsfBPQF9Emjk3Q==",
        "dependencies": {
          "Microsoft.Extensions.Hosting.Abstractions": "10.0.3"
        }
      },
      "Microsoft.Extensions.Diagnostics": {
        "type": "Transitive",
        "resolved": "11.0.0-preview.1.26104.118",
        "contentHash": "T0x/4Zp2db23SG+def9OzeaDs4zpHSzQWTopVeZEKbKppR7zKGW4RK/7h4y8+YjIPpxT2srhjouUm4hJ+EHT/Q==",
        "dependencies": {
          "Microsoft.Extensions.Configuration": "11.0.0-preview.1.26104.118",
          "Microsoft.Extensions.Diagnostics.Abstractions": "11.0.0-preview.1.26104.118",
          "Microsoft.Extensions.Options.ConfigurationExtensions": "11.0.0-preview.1.26104.118"
        }
      },
      "Microsoft.Extensions.Diagnostics.Abstractions": {
        "type": "Transitive",
        "resolved": "11.0.0-preview.1.26104.118",
        "contentHash": "nXXBaWN+zf5ChMdbBu9FxvSzQvge8ugB9YSDhQGwvbq3DxhAriAU5J9jFoQrcHvndO7K/ynDPnuvgnlfyI8ciw==",
        "dependencies": {
          "Microsoft.Extensions.DependencyInjection.Abstractions": "11.0.0-preview.1.26104.118",
          "Microsoft.Extensions.Options": "11.0.0-preview.1.26104.118",
          "System.Diagnostics.DiagnosticSource": "11.0.0-preview.1.26104.118"
        }
      },
      "Microsoft.Extensions.Diagnostics.ExceptionSummarization": {
        "type": "Transitive",
        "resolved": "10.3.0",
        "contentHash": "TZAZsAFThNQDqCnWaGxV/X7OPSA7b+kY7wNTPNvPvSWa0jcTbmGVyzIY/feF4OgyAUUdzSnnLW6ri2Q+4keM4A==",
        "dependencies": {
          "Microsoft.Extensions.DependencyInjection.Abstractions": "10.0.3"
        }
      },
      "Microsoft.Extensions.FileProviders.Abstractions": {
        "type": "Transitive",
        "resolved": "11.0.0-preview.1.26104.118",
        "contentHash": "36OeG+w0a4omGSvFb1DWDBdgDPhdet5l+egtyLaAEdBqQzCZQehNCwGGUbA3N32wMlgCCfVrp2ie85gjKL75CQ==",
        "dependencies": {
          "Microsoft.Extensions.Primitives": "11.0.0-preview.1.26104.118"
        }
      },
      "Microsoft.Extensions.FileProviders.Physical": {
        "type": "Transitive",
        "resolved": "11.0.0-preview.1.26104.118",
        "contentHash": "ZNQlKD6pL4fjm5BBEy3ogG58JZOV1lMrbifOdf+eGAROEwuSwa+RaejglJas0of2lDz2NEXDyGqeSUrj/dAsCg==",
        "dependencies": {
          "Microsoft.Extensions.FileProviders.Abstractions": "11.0.0-preview.1.26104.118",
          "Microsoft.Extensions.FileSystemGlobbing": "11.0.0-preview.1.26104.118",
          "Microsoft.Extensions.Primitives": "11.0.0-preview.1.26104.118"
        }
      },
      "Microsoft.Extensions.FileSystemGlobbing": {
        "type": "Transitive",
        "resolved": "11.0.0-preview.1.26104.118",
        "contentHash": "8yUDTRlVTpmWrVTDju6DIkQld4Ph+pFro6b50m8o8C3RI+fQqcEJp+s4gclxNRMRqsGVOVyTL4j7yX42ROqWZA=="
      },
      "Microsoft.Extensions.Hosting.Abstractions": {
        "type": "Transitive",
        "resolved": "11.0.0-preview.1.26104.118",
        "contentHash": "9L5C9zxQwT7EDAdNWcIFzw2S/EVYznNXR2MESoBsB0Up2nroJ02bNyi1aN7g/1U7pnJ5KNZH1QpwEoAY6cuQqA==",
        "dependencies": {
          "Microsoft.Extensions.Configuration.Abstractions": "11.0.0-preview.1.26104.118",
          "Microsoft.Extensions.DependencyInjection.Abstractions": "11.0.0-preview.1.26104.118",
          "Microsoft.Extensions.Diagnostics.Abstractions": "11.0.0-preview.1.26104.118",
          "Microsoft.Extensions.FileProviders.Abstractions": "11.0.0-preview.1.26104.118",
          "Microsoft.Extensions.Logging.Abstractions": "11.0.0-preview.1.26104.118"
        }
      },
      "Microsoft.Extensions.Http": {
        "type": "Transitive",
        "resolved": "10.0.3",
        "contentHash": "M5gWob3dtzlF14oto1lR1ZuSJrR0gGc+obv7zY9LGmX5y3Ndpve29MrrjqJW/m4CFud4TE/KFUuHjjtwxhCO8g==",
        "dependencies": {
          "Microsoft.Extensions.Configuration.Abstractions": "10.0.3",
          "Microsoft.Extensions.DependencyInjection.Abstractions": "10.0.3",
          "Microsoft.Extensions.Diagnostics": "10.0.3",
          "Microsoft.Extensions.Logging": "10.0.3",
          "Microsoft.Extensions.Logging.Abstractions": "10.0.3",
          "Microsoft.Extensions.Options": "10.0.3"
        }
      },
      "Microsoft.Extensions.Http.Diagnostics": {
        "type": "Transitive",
        "resolved": "10.3.0",
        "contentHash": "/xuNWNxI4WLVatiTvaqfLd5ijFhQ/qvE14bOyWxeEWmXJkjh/g2G/5TdzMfoe0afq16OdWLGbrD9gWHo178hbg==",
        "dependencies": {
          "Microsoft.Extensions.Http": "10.0.3",
          "Microsoft.Extensions.Telemetry": "10.3.0"
        }
      },
      "Microsoft.Extensions.Logging": {
        "type": "Transitive",
        "resolved": "11.0.0-preview.1.26104.118",
        "contentHash": "nunnoIIIwboghOWOHBKNMPk4UkmZUJP5xFu2sdd8IW7mt7ymwsetgSj8ZoiCXbV8bUYRYO2TpMOiDhoJxlHRLg==",
        "dependencies": {
          "Microsoft.Extensions.DependencyInjection": "11.0.0-preview.1.26104.118",
          "Microsoft.Extensions.Logging.Abstractions": "11.0.0-preview.1.26104.118",
          "Microsoft.Extensions.Options": "11.0.0-preview.1.26104.118"
        }
      },
      "Microsoft.Extensions.Logging.Abstractions": {
        "type": "Transitive",
        "resolved": "11.0.0-preview.1.26104.118",
        "contentHash": "hdZvAdEB0ow4EjYNTpXd0y5n3/o6APOzsqPU1hlYDLJsjPwIPsGTOuSSv5stbgmiSqpKBWlHiP0Ypi9cRT9itQ==",
        "dependencies": {
          "Microsoft.Extensions.DependencyInjection.Abstractions": "11.0.0-preview.1.26104.118",
          "System.Diagnostics.DiagnosticSource": "11.0.0-preview.1.26104.118"
        }
      },
      "Microsoft.Extensions.Logging.Configuration": {
        "type": "Transitive",
        "resolved": "11.0.0-preview.1.26104.118",
        "contentHash": "vho83msEcsjI2/HW+i5BT0gqQcfY8bEf5oAba2ZyumwlO9DTIY7uubajmaDPa8F3KhX04pCU6qWGntIPdIp4+w==",
        "dependencies": {
          "Microsoft.Extensions.Configuration": "11.0.0-preview.1.26104.118",
          "Microsoft.Extensions.Configuration.Abstractions": "11.0.0-preview.1.26104.118",
          "Microsoft.Extensions.Configuration.Binder": "11.0.0-preview.1.26104.118",
          "Microsoft.Extensions.DependencyInjection.Abstractions": "11.0.0-preview.1.26104.118",
          "Microsoft.Extensions.Logging": "11.0.0-preview.1.26104.118",
          "Microsoft.Extensions.Logging.Abstractions": "11.0.0-preview.1.26104.118",
          "Microsoft.Extensions.Options": "11.0.0-preview.1.26104.118",
          "Microsoft.Extensions.Options.ConfigurationExtensions": "11.0.0-preview.1.26104.118"
        }
      },
      "Microsoft.Extensions.Logging.Console": {
        "type": "Transitive",
        "resolved": "11.0.0-preview.1.26104.118",
        "contentHash": "J1WSyTiXuJP11mJNyX3dqz8F8daNqQ5rFyx5pkIaByEl+/qdnarezSfLAM/iCsmDByRyI3G9AlYxApFM3gfAvA==",
        "dependencies": {
          "Microsoft.Extensions.DependencyInjection.Abstractions": "11.0.0-preview.1.26104.118",
          "Microsoft.Extensions.Logging": "11.0.0-preview.1.26104.118",
          "Microsoft.Extensions.Logging.Abstractions": "11.0.0-preview.1.26104.118",
          "Microsoft.Extensions.Logging.Configuration": "11.0.0-preview.1.26104.118",
          "Microsoft.Extensions.Options": "11.0.0-preview.1.26104.118",
          "System.Text.Json": "11.0.0-preview.1.26104.118"
        }
      },
      "Microsoft.Extensions.Logging.Debug": {
        "type": "Transitive",
        "resolved": "11.0.0-preview.1.26104.118",
        "contentHash": "quQPbPdgSVJfJlu9IUa/SZ12Hrcx8emMzTeUMWzeTzr3VfH+N7pK73Y3Zl2TvRFwaYEcGZiLOOgRbVIL0FifkQ==",
        "dependencies": {
          "Microsoft.Extensions.DependencyInjection.Abstractions": "11.0.0-preview.1.26104.118",
          "Microsoft.Extensions.Logging": "11.0.0-preview.1.26104.118",
          "Microsoft.Extensions.Logging.Abstractions": "11.0.0-preview.1.26104.118"
        }
      },
      "Microsoft.Extensions.Logging.EventLog": {
        "type": "Transitive",
        "resolved": "11.0.0-preview.1.26104.118",
        "contentHash": "ikoULJ3GeQ1fat/WEGn85ZYs3Uyv2o1z1I842Rukhjh6pC9zx4i1sOz9Q5jg1lYVJg/KqYGZZQH7tTn6jN8Tpw==",
        "dependencies": {
          "Microsoft.Extensions.DependencyInjection.Abstractions": "11.0.0-preview.1.26104.118",
          "Microsoft.Extensions.Logging": "11.0.0-preview.1.26104.118",
          "Microsoft.Extensions.Logging.Abstractions": "11.0.0-preview.1.26104.118",
          "Microsoft.Extensions.Options": "11.0.0-preview.1.26104.118",
          "System.Diagnostics.EventLog": "11.0.0-preview.1.26104.118"
        }
      },
      "Microsoft.Extensions.Logging.EventSource": {
        "type": "Transitive",
        "resolved": "11.0.0-preview.1.26104.118",
        "contentHash": "UzZeRadESkvH8R3UhXnIQsrVgN5prgq5PmM4WwZm1pmDLECD95rrRxZ8E/AllB7StPjSlkXD5oT6Hr+pZLwZkQ==",
        "dependencies": {
          "Microsoft.Extensions.DependencyInjection.Abstractions": "11.0.0-preview.1.26104.118",
          "Microsoft.Extensions.Logging": "11.0.0-preview.1.26104.118",
          "Microsoft.Extensions.Logging.Abstractions": "11.0.0-preview.1.26104.118",
          "Microsoft.Extensions.Options": "11.0.0-preview.1.26104.118",
          "Microsoft.Extensions.Primitives": "11.0.0-preview.1.26104.118",
          "System.Text.Json": "11.0.0-preview.1.26104.118"
        }
      },
      "Microsoft.Extensions.ObjectPool": {
        "type": "Transitive",
        "resolved": "10.0.3",
        "contentHash": "dQKlVXzqflsv5X8iDlAN5YmTL1GcLCrOLKo1s9PNdfjqxeu0S/jmWTfiLGno+8+o1qFL3+VFAH5/ftmypN+sPw=="
      },
      "Microsoft.Extensions.Options": {
        "type": "Transitive",
        "resolved": "11.0.0-preview.1.26104.118",
        "contentHash": "1kpoOsJXWqrOl++mb+jdCBGBpFNv9n8lKbRt2H4p88Gao2EjRUJglol5B9l5ECKMTu1t0gRmOe2x2oM7aPyG1A==",
        "dependencies": {
          "Microsoft.Extensions.DependencyInjection.Abstractions": "11.0.0-preview.1.26104.118",
          "Microsoft.Extensions.Primitives": "11.0.0-preview.1.26104.118"
        }
      },
      "Microsoft.Extensions.Options.ConfigurationExtensions": {
        "type": "Transitive",
        "resolved": "11.0.0-preview.1.26104.118",
        "contentHash": "nYow+S1HjN/AoXfi+DBSyzUfvqDPOm1cmIE5BZOzX16MdBat4xzd2VNj9VIy5p/bJFNqBjp0Ep9IXUW+dNQr5g==",
        "dependencies": {
          "Microsoft.Extensions.Configuration.Abstractions": "11.0.0-preview.1.26104.118",
          "Microsoft.Extensions.Configuration.Binder": "11.0.0-preview.1.26104.118",
          "Microsoft.Extensions.DependencyInjection.Abstractions": "11.0.0-preview.1.26104.118",
          "Microsoft.Extensions.Options": "11.0.0-preview.1.26104.118",
          "Microsoft.Extensions.Primitives": "11.0.0-preview.1.26104.118"
        }
      },
      "Microsoft.Extensions.Primitives": {
        "type": "Transitive",
        "resolved": "11.0.0-preview.1.26104.118",
        "contentHash": "AUUt0ofZsfRlvFQykBCgJk0CYHz4kniKlfZ6xre/rcVVIEQDyOjNdfmp+5QLbUCenMZx2De9LadfEH18znmpxw=="
      },
      "Microsoft.Extensions.Resilience": {
        "type": "Transitive",
        "resolved": "10.3.0",
        "contentHash": "xc0dZuPkBaVIdMlODDppmNY/dxE27wIQ46gTzStoFXO4/yVcOMKlPmtr9vTP4edyXBRizGxPtcAFmqxZ5gPTkQ==",
        "dependencies": {
          "Microsoft.Extensions.Diagnostics": "10.0.3",
          "Microsoft.Extensions.Diagnostics.ExceptionSummarization": "10.3.0",
          "Microsoft.Extensions.Options.ConfigurationExtensions": "10.0.3",
          "Microsoft.Extensions.Telemetry.Abstractions": "10.3.0",
          "Polly.Extensions": "8.4.2",
          "Polly.RateLimiting": "8.4.2"
        }
      },
      "Microsoft.Extensions.Telemetry": {
        "type": "Transitive",
        "resolved": "10.3.0",
        "contentHash": "M1esrIGmwU2JBY0JpwdlUTXTNBXSBFEs+41bYBd59+9/vCaXw+vGhtYcCL+JXeGmxTLUHmuXcKbX/uVCSFcuzA==",
        "dependencies": {
          "Microsoft.Extensions.AmbientMetadata.Application": "10.3.0",
          "Microsoft.Extensions.DependencyInjection.AutoActivation": "10.3.0",
          "Microsoft.Extensions.Logging.Configuration": "10.0.3",
          "Microsoft.Extensions.ObjectPool": "10.0.3",
          "Microsoft.Extensions.Telemetry.Abstractions": "10.3.0"
        }
      },
      "Microsoft.Extensions.Telemetry.Abstractions": {
        "type": "Transitive",
        "resolved": "10.3.0",
        "contentHash": "aKxH6ZsGAewGF8uSXyx1WkjqItwZA+hd1hhQ/4i7o5injCWSdr9vIZ3R3djJfy8OG3xaWK+LZY/+slVvlnwEHw==",
        "dependencies": {
          "Microsoft.Extensions.Compliance.Abstractions": "10.3.0",
          "Microsoft.Extensions.Logging.Abstractions": "10.0.3",
          "Microsoft.Extensions.ObjectPool": "10.0.3",
          "Microsoft.Extensions.Options": "10.0.3"
        }
      },
      "Microsoft.Identity.Client": {
        "type": "Transitive",
        "resolved": "4.76.0",
        "contentHash": "j2FtmljuCveDJ7umBVYm6Bx3iVGA71U07Dc7byGr2Hrj7XlByZSknruCBUeYN3V75nn1VEhXegxE0MerxvxrXQ==",
        "dependencies": {
          "Microsoft.IdentityModel.Abstractions": "6.35.0"
        }
      },
      "Microsoft.Identity.Client.Extensions.Msal": {
        "type": "Transitive",
        "resolved": "4.76.0",
        "contentHash": "D0n3yMTa3gnDh1usrJmyxGWKYeqbQNCWLgQ0Tswf7S6nk9YobiCOX+M2V8EX5SPqkZxpwkTT6odAhaafu3TIeA==",
        "dependencies": {
          "Microsoft.Identity.Client": "4.76.0",
          "System.Security.Cryptography.ProtectedData": "4.5.0"
        }
      },
      "Microsoft.IdentityModel.Abstractions": {
        "type": "Transitive",
        "resolved": "8.14.0",
        "contentHash": "iwbCpSjD3ehfTwBhtSNEtKPK0ICun6ov7Ibx6ISNA9bfwIyzI2Siwyi9eJFCJBwxowK9xcA1mj+jBWiigeqgcQ=="
      },
      "Microsoft.IdentityModel.JsonWebTokens": {
        "type": "Transitive",
        "resolved": "8.14.0",
        "contentHash": "4jOpiA4THdtpLyMdAb24dtj7+6GmvhOhxf5XHLYWmPKF8ApEnApal1UnJsKO4HxUWRXDA6C4WQVfYyqsRhpNpQ==",
        "dependencies": {
          "Microsoft.IdentityModel.Tokens": "8.14.0"
        }
      },
      "Microsoft.IdentityModel.Logging": {
        "type": "Transitive",
        "resolved": "8.14.0",
        "contentHash": "eqqnemdW38CKZEHS6diA50BV94QICozDZEvSrsvN3SJXUFwVB9gy+/oz76gldP7nZliA16IglXjXTCTdmU/Ejg==",
        "dependencies": {
          "Microsoft.IdentityModel.Abstractions": "8.14.0"
        }
      },
      "Microsoft.IdentityModel.Protocols": {
        "type": "Transitive",
        "resolved": "8.14.0",
        "contentHash": "rLr9HmibIpwkrOnsYyF3SGKx+6q2ewKDc3xzITngydqflG3TDVqAaby7yFRbP8du43If2S44fseoAkaL8A0Ivg==",
        "dependencies": {
          "Microsoft.IdentityModel.Tokens": "8.14.0"
        }
      },
      "Microsoft.IdentityModel.Protocols.OpenIdConnect": {
        "type": "Transitive",
        "resolved": "8.14.0",
        "contentHash": "afwKt+g52FXMu5Hsgpm6cFSFh40WYbnvXKJDCCBjcV10m6eXRwN2SBpg3auyyA6mYDZVaEtxYaOLXqsZAz4oig==",
        "dependencies": {
          "Microsoft.IdentityModel.Protocols": "8.14.0",
          "System.IdentityModel.Tokens.Jwt": "8.14.0"
        }
      },
      "Microsoft.IdentityModel.Tokens": {
        "type": "Transitive",
        "resolved": "8.14.0",
        "contentHash": "lKIZiBiGd36k02TCdMHp1KlNWisyIvQxcYJvIkz7P4gSQ9zi8dgh6S5Grj8NNG7HWYIPfQymGyoZ6JB5d1Lo1g==",
        "dependencies": {
          "Microsoft.Extensions.Logging.Abstractions": "8.0.0",
          "Microsoft.IdentityModel.Logging": "8.14.0"
        }
      },
      "Microsoft.SqlServer.Server": {
        "type": "Transitive",
        "resolved": "1.0.0",
        "contentHash": "N4KeF3cpcm1PUHym1RmakkzfkEv3GRMyofVv40uXsQhCQeglr2OHNcUk2WOG51AKpGO8ynGpo9M/kFXSzghwug=="
      },
      "Polly.Core": {
        "type": "Transitive",
        "resolved": "8.4.2",
        "contentHash": "BpE2I6HBYYA5tF0Vn4eoQOGYTYIK1BlF5EXVgkWGn3mqUUjbXAr13J6fZVbp7Q3epRR8yshacBMlsHMhpOiV3g=="
      },
      "Polly.Extensions": {
        "type": "Transitive",
        "resolved": "8.4.2",
        "contentHash": "GZ9vRVmR0jV2JtZavt+pGUsQ1O1cuRKG7R7VOZI6ZDy9y6RNPvRvXK1tuS4ffUrv8L0FTea59oEuQzgS0R7zSA==",
        "dependencies": {
          "Microsoft.Extensions.Logging.Abstractions": "8.0.0",
          "Microsoft.Extensions.Options": "8.0.0",
          "Polly.Core": "8.4.2"
        }
      },
      "Polly.RateLimiting": {
        "type": "Transitive",
        "resolved": "8.4.2",
        "contentHash": "ehTImQ/eUyO07VYW2WvwSmU9rRH200SKJ/3jku9rOkyWE0A2JxNFmAVms8dSn49QLSjmjFRRSgfNyOgr/2PSmA==",
        "dependencies": {
          "Polly.Core": "8.4.2",
          "System.Threading.RateLimiting": "8.0.0"
        }
      },
      "System.ClientModel": {
        "type": "Transitive",
        "resolved": "1.7.0",
        "contentHash": "NKKA3/O6B7PxmtIzOifExHdfoWthy3AD4EZ1JfzcZU8yGZTbYrK1qvXsHUL/1yQKKqWSKgIR1Ih/yf2gOaHc4w==",
        "dependencies": {
          "Microsoft.Extensions.Logging.Abstractions": "8.0.3",
          "System.Memory.Data": "8.0.1"
        }
      },
      "System.Configuration.ConfigurationManager": {
        "type": "Transitive",
        "resolved": "9.0.9",
        "contentHash": "Q1LknxnRmmsUXt/ElBp739Gexppy0HeDYxvExpJq09jAYhpTHRRRkZIwfNKfM4BGRlFzRDVdnerZawxoE8naMg==",
        "dependencies": {
          "System.Diagnostics.EventLog": "9.0.9",
          "System.Security.Cryptography.ProtectedData": "9.0.9"
        }
      },
      "System.Diagnostics.DiagnosticSource": {
        "type": "Transitive",
        "resolved": "11.0.0-preview.1.26104.118",
        "contentHash": "2extbTZVrDGCBARxtzXx1RYoFVCGrOG8R5L7ax6Ls9NILTj8nEz59MZD5Qe1zIkTPm4pFOyE0EvOITa0EoxQ7A=="
      },
      "System.Diagnostics.EventLog": {
        "type": "Transitive",
        "resolved": "11.0.0-preview.1.26104.118",
        "contentHash": "DJ4MJMy6sbp3YkHVP/IXGlWJYhAcNNOehy3IM0v0beVMWGcGuda1fI201bGmtfvCr0uegIERxgVYImw+7SjfjA=="
      },
      "System.IdentityModel.Tokens.Jwt": {
        "type": "Transitive",
        "resolved": "8.14.0",
        "contentHash": "EYGgN/S+HK7S6F3GaaPLFAfK0UzMrkXFyWCvXpQWFYmZln3dqtbyIO7VuTM/iIIPMzkelg8ZLlBPvMhxj6nOAA==",
        "dependencies": {
          "Microsoft.IdentityModel.JsonWebTokens": "8.14.0",
          "Microsoft.IdentityModel.Tokens": "8.14.0"
        }
      },
      "System.IO.Pipelines": {
        "type": "Transitive",
        "resolved": "11.0.0-preview.1.26104.118",
        "contentHash": "Wvv6VELrtkwl9V8k5DokoxTH1aTe2ot0/byLCPx4nN6DqFVIf/1jQHgXhf+4M9Gwza+stZguaFYq7fhjfZMWrQ=="
      },
      "System.Memory.Data": {
        "type": "Transitive",
        "resolved": "8.0.1",
        "contentHash": "BVYuec3jV23EMRDeR7Dr1/qhx7369dZzJ9IWy2xylvb4YfXsrUxspWc4UWYid/tj4zZK58uGZqn2WQiaDMhmAg=="
      },
      "System.Security.Cryptography.Pkcs": {
        "type": "Transitive",
        "resolved": "9.0.9",
        "contentHash": "Y7/wY5lqrzJOu53yLFLPGaeKBcdWNw193udOFRB2joFDVpXLkmfPpfgks7dEIJYPIrW4k3onwR+4nQz6vIaaqA=="
      },
      "System.Security.Cryptography.ProtectedData": {
        "type": "Transitive",
        "resolved": "9.0.9",
        "contentHash": "XN37933FTzEkqGJoOTunvnvzAv/4VO/9wQ0QwsGcrR5KyQpYT0z4Ssm+f+fpY9bea6srypFp3JjNPHHC26xzLw=="
      },
      "System.Text.Encodings.Web": {
        "type": "Transitive",
        "resolved": "11.0.0-preview.1.26104.118",
        "contentHash": "xwTSj+1YJPBjhkSUtn9GXRF4Af+T/pt2+TWeprNs1kJEBQCwJ/Sfn/soFeca4QV/D5uYr/YMRCezhbQZWToxKA=="
      },
      "System.Text.Json": {
        "type": "Transitive",
        "resolved": "11.0.0-preview.1.26104.118",
        "contentHash": "soEmfTl30ipSF4oextg/gFKM4PQ2+llRYPQnZMUjTDzct1Lnw4fqUTw/PSSCsf9hkJ8DD+jvkfRfvaif689Nuw==",
        "dependencies": {
          "System.IO.Pipelines": "11.0.0-preview.1.26104.118",
          "System.Text.Encodings.Web": "11.0.0-preview.1.26104.118"
        }
      },
      "System.Threading.RateLimiting": {
        "type": "Transitive",
        "resolved": "8.0.0",
        "contentHash": "7mu9v0QDv66ar3DpGSZHg9NuNcxDaaAcnMULuZlaTpP9+hwXhrxNGsF5GmLkSHxFdb5bBc1TzeujsRgTrPWi+Q=="
      }
    }
  }
}